<?xml version="1.0" encoding="utf-8"?>
<Project ToolsVersion="4.0" xmlns="http://schemas.microsoft.com/developer/msbuild/2003">
  <ItemGroup>
    <Filter Include="ソース ファイル">
      <UniqueIdentifier>{4FC737F1-C7A5-4376-A066-2A32D752A2FF}</UniqueIdentifier>
      <Extensions>cpp;c;cc;cxx;c++;cppm;ixx;def;odl;idl;hpj;bat;asm;asmx</Extensions>
    </Filter>
    <Filter Include="ヘッダー ファイル">
      <UniqueIdentifier>{93995380-89BD-4b04-88EB-625FBE52EBFB}</UniqueIdentifier>
      <Extensions>h;hh;hpp;hxx;h++;hm;inl;inc;ipp;xsd</Extensions>
    </Filter>
    <Filter Include="リソース ファイル">
      <UniqueIdentifier>{67DA6AB6-F800-4c08-8B7A-83BB121AAD01}</UniqueIdentifier>
      <Extensions>rc;ico;cur;bmp;dlg;rc2;rct;bin;rgs;gif;jpg;jpeg;jpe;resx;tiff;tif;png;wav;mfcribbon-ms</Extensions>
    </Filter>
    <Filter Include="tuindow">
      <UniqueIdentifier>{84b4fdf3-2388-4960-befc-a57230f2cfc8}</UniqueIdentifier>
    </Filter>
  </ItemGroup>
  <ItemGroup>
    <ClCompile Include="texplorer.cpp">
      <Filter>ソース ファイル</Filter>
    </ClCompile>
    <ClCompile Include="Tuindow.cpp">
      <Filter>tuindow</Filter>
    </ClCompile>
    <ClCompile Include="Controller.cpp">
      <Filter>ソース ファイル</Filter>
    </ClCompile>
    <ClCompile Include="View.cpp">
      <Filter>ソース ファイル</Filter>
    </ClCompile>
    <ClCompile Include="Address.cpp">
      <Filter>ソース ファイル</Filter>
    </ClCompile>
    <ClCompile Include="Cell.cpp">
      <Filter>tuindow</Filter>
    </ClCompile>
    <ClCompile Include="HorizontalBox.cpp">
      <Filter>tuindow</Filter>
    </ClCompile>
    <ClCompile Include="Label.cpp">
      <Filter>tuindow</Filter>
    </ClCompile>
    <ClCompile Include="Screen.cpp">
      <Filter>tuindow</Filter>
    </ClCompile>
    <ClCompile Include="Widget.cpp">
      <Filter>tuindow</Filter>
    </ClCompile>
    <ClCompile Include="CurrentDir.cpp">
      <Filter>ソース ファイル</Filter>
    </ClCompile>
    <ClCompile Include="SelectableList.cpp">
      <Filter>tuindow</Filter>
    </ClCompile>
    <ClCompile Include="VerticalBox.cpp">
      <Filter>ソース ファイル</Filter>
    </ClCompile>
    <ClCompile Include="DirectoryItem.cpp">
      <Filter>ソース ファイル</Filter>
    </ClCompile>
    <ClCompile Include="DirectoryItemSize.cpp">
      <Filter>ソース ファイル</Filter>
    </ClCompile>
    <ClCompile Include="DirectoryItemDate.cpp">
      <Filter>ソース ファイル</Filter>
    </ClCompile>
  </ItemGroup>
  <ItemGroup>
    <ClInclude Include="Tuindow.h">
      <Filter>tuindow</Filter>
    </ClInclude>
    <ClInclude Include="Controller.h">
      <Filter>ヘッダー ファイル</Filter>
    </ClInclude>
    <ClInclude Include="View.h">
      <Filter>ヘッダー ファイル</Filter>
    </ClInclude>
    <ClInclude Include="Address.h">
      <Filter>ヘッダー ファイル</Filter>
    </ClInclude>
    <ClInclude Include="Cell.h">
      <Filter>tuindow</Filter>
    </ClInclude>
    <ClInclude Include="HorizontalBox.h">
      <Filter>tuindow</Filter>
    </ClInclude>
    <ClInclude Include="Label.h">
      <Filter>tuindow</Filter>
    </ClInclude>
    <ClInclude Include="Screen.h">
      <Filter>tuindow</Filter>
    </ClInclude>
    <ClInclude Include="Widget.h">
      <Filter>tuindow</Filter>
    </ClInclude>
    <ClInclude Include="CurrentDir.h">
      <Filter>ヘッダー ファイル</Filter>
    </ClInclude>
    <ClInclude Include="SelectableList.h">
      <Filter>tuindow</Filter>
    </ClInclude>
    <ClInclude Include="VerticalBox.h">
      <Filter>ヘッダー ファイル</Filter>
    </ClInclude>
    <ClInclude Include="DirectoryItem.h">
      <Filter>ヘッダー ファイル</Filter>
    </ClInclude>
    <ClInclude Include="DirectoryItemSize.h">
      <Filter>ヘッダー ファイル</Filter>
    </ClInclude>
    <ClInclude Include="DirectoryItemDate.h">
      <Filter>ヘッダー ファイル</Filter>
    </ClInclude>
  </ItemGroup>
</Project>